<?xml version="1.0" encoding="utf-8"?>
<Project ToolsVersion="4.0" xmlns="http://schemas.microsoft.com/developer/msbuild/2003">
  <ItemGroup>
    <Filter Include="Source Files">
      <UniqueIdentifier>{4FC737F1-C7A5-4376-A066-2A32D752A2FF}</UniqueIdentifier>
      <Extensions>cpp;c;cc;cxx;c++;cppm;ixx;def;odl;idl;hpj;bat;asm;asmx</Extensions>
    </Filter>
    <Filter Include="Header Files">
      <UniqueIdentifier>{93995380-89BD-4b04-88EB-625FBE52EBFB}</UniqueIdentifier>
      <Extensions>h;hh;hpp;hxx;h++;hm;inl;inc;ipp;xsd</Extensions>
    </Filter>
    <Filter Include="Resource Files">
      <UniqueIdentifier>{67DA6AB6-F800-4c08-8B7A-83BB121AAD01}</UniqueIdentifier>
      <Extensions>rc;ico;cur;bmp;dlg;rc2;rct;bin;rgs;gif;jpg;jpeg;jpe;resx;tiff;tif;png;wav;mfcribbon-ms</Extensions>
    </Filter>
  </ItemGroup>
  <ItemGroup>
    <ClCompile Include="MLPSample.cpp">
      <Filter>Source Files</Filter>
    </ClCompile>
    <ClCompile Include="flashlight\fl\tensor\Init.cpp">
      <Filter>Source Files</Filter>
    </ClCompile>
    <ClCompile Include="flashlight\fl\dataset\BatchDataset.cpp">
      <Filter>Source Files</Filter>
    </ClCompile>
    <ClCompile Include="flashlight\fl\dataset\BlobDataset.cpp">
      <Filter>Source Files</Filter>
    </ClCompile>
    <ClCompile Include="flashlight\fl\dataset\ConcatDataset.cpp">
      <Filter>Source Files</Filter>
    </ClCompile>
    <ClCompile Include="flashlight\fl\dataset\FileBlobDataset.cpp">
      <Filter>Source Files</Filter>
    </ClCompile>
    <ClCompile Include="flashlight\fl\dataset\MemoryBlobDataset.cpp">
      <Filter>Source Files</Filter>
    </ClCompile>
    <ClCompile Include="flashlight\fl\dataset\MergeDataset.cpp">
      <Filter>Source Files</Filter>
    </ClCompile>
    <ClCompile Include="flashlight\fl\dataset\PrefetchDataset.cpp">
      <Filter>Source Files</Filter>
    </ClCompile>
    <ClCompile Include="flashlight\fl\dataset\ResampleDataset.cpp">
      <Filter>Source Files</Filter>
    </ClCompile>
    <ClCompile Include="flashlight\fl\dataset\ShuffleDataset.cpp">
      <Filter>Source Files</Filter>
    </ClCompile>
    <ClCompile Include="flashlight\fl\dataset\SpanDataset.cpp">
      <Filter>Source Files</Filter>
    </ClCompile>
    <ClCompile Include="flashlight\fl\dataset\TensorDataset.cpp">
      <Filter>Source Files</Filter>
    </ClCompile>
    <ClCompile Include="flashlight\fl\dataset\TransformDataset.cpp">
      <Filter>Source Files</Filter>
    </ClCompile>
    <ClCompile Include="flashlight\fl\dataset\Utils.cpp">
      <Filter>Source Files</Filter>
    </ClCompile>
    <ClCompile Include="flashlight\fl\meter\AverageValueMeter.cpp">
      <Filter>Source Files</Filter>
    </ClCompile>
    <ClCompile Include="flashlight\fl\meter\CountMeter.cpp">
      <Filter>Source Files</Filter>
    </ClCompile>
    <ClCompile Include="flashlight\fl\meter\EditDistanceMeter.cpp">
      <Filter>Source Files</Filter>
    </ClCompile>
    <ClCompile Include="flashlight\fl\meter\FrameErrorMeter.cpp">
      <Filter>Source Files</Filter>
    </ClCompile>
    <ClCompile Include="flashlight\fl\meter\MSEMeter.cpp">
      <Filter>Source Files</Filter>
    </ClCompile>
    <ClCompile Include="flashlight\fl\meter\TimeMeter.cpp">
      <Filter>Source Files</Filter>
    </ClCompile>
    <ClCompile Include="flashlight\fl\meter\TopKMeter.cpp">
      <Filter>Source Files</Filter>
    </ClCompile>
    <ClCompile Include="flashlight\fl\nn\modules\Activations.cpp">
      <Filter>Source Files</Filter>
    </ClCompile>
    <ClCompile Include="flashlight\fl\nn\modules\AdaptiveSoftMax.cpp">
      <Filter>Source Files</Filter>
    </ClCompile>
    <ClCompile Include="flashlight\fl\nn\modules\BatchNorm.cpp">
      <Filter>Source Files</Filter>
    </ClCompile>
    <ClCompile Include="flashlight\fl\nn\modules\Container.cpp">
      <Filter>Source Files</Filter>
    </ClCompile>
    <ClCompile Include="flashlight\fl\nn\modules\Conv2D.cpp">
      <Filter>Source Files</Filter>
    </ClCompile>
    <ClCompile Include="flashlight\fl\nn\modules\Dropout.cpp">
      <Filter>Source Files</Filter>
    </ClCompile>
    <ClCompile Include="flashlight\fl\nn\modules\Embedding.cpp">
      <Filter>Source Files</Filter>
    </ClCompile>
    <ClCompile Include="flashlight\fl\nn\modules\Identity.cpp">
      <Filter>Source Files</Filter>
    </ClCompile>
    <ClCompile Include="flashlight\fl\nn\modules\LayerNorm.cpp">
      <Filter>Source Files</Filter>
    </ClCompile>
    <ClCompile Include="flashlight\fl\nn\modules\Linear.cpp">
      <Filter>Source Files</Filter>
    </ClCompile>
    <ClCompile Include="flashlight\fl\nn\modules\Loss.cpp">
      <Filter>Source Files</Filter>
    </ClCompile>
    <ClCompile Include="flashlight\fl\nn\modules\Module.cpp">
      <Filter>Source Files</Filter>
    </ClCompile>
    <ClCompile Include="flashlight\fl\nn\modules\Normalize.cpp">
      <Filter>Source Files</Filter>
    </ClCompile>
    <ClCompile Include="flashlight\fl\nn\modules\Padding.cpp">
      <Filter>Source Files</Filter>
    </ClCompile>
    <ClCompile Include="flashlight\fl\nn\modules\Pool2D.cpp">
      <Filter>Source Files</Filter>
    </ClCompile>
    <ClCompile Include="flashlight\fl\nn\modules\PrecisionCast.cpp">
      <Filter>Source Files</Filter>
    </ClCompile>
    <ClCompile Include="flashlight\fl\nn\modules\Reorder.cpp">
      <Filter>Source Files</Filter>
    </ClCompile>
    <ClCompile Include="flashlight\fl\nn\modules\RNN.cpp">
      <Filter>Source Files</Filter>
    </ClCompile>
    <ClCompile Include="flashlight\fl\nn\modules\Transform.cpp">
      <Filter>Source Files</Filter>
    </ClCompile>
    <ClCompile Include="flashlight\fl\nn\modules\View.cpp">
      <Filter>Source Files</Filter>
    </ClCompile>
    <ClCompile Include="flashlight\fl\nn\modules\WeightNorm.cpp">
      <Filter>Source Files</Filter>
    </ClCompile>
    <ClCompile Include="flashlight\fl\nn\Init.cpp">
      <Filter>Source Files</Filter>
    </ClCompile>
    <ClCompile Include="flashlight\fl\nn\Utils.cpp">
      <Filter>Source Files</Filter>
    </ClCompile>
    <ClCompile Include="flashlight\fl\optim\SGDOptimizer.cpp">
      <Filter>Source Files</Filter>
    </ClCompile>
    <ClCompile Include="flashlight\fl\optim\Utils.cpp">
      <Filter>Source Files</Filter>
    </ClCompile>
    <ClCompile Include="flashlight\fl\tensor\Random.cpp">
      <Filter>Source Files</Filter>
    </ClCompile>
    <ClCompile Include="flashlight\fl\tensor\TensorBase.cpp">
      <Filter>Source Files</Filter>
    </ClCompile>
    <ClCompile Include="flashlight\fl\tensor\TensorBackend.cpp">
      <Filter>Source Files</Filter>
    </ClCompile>
    <ClCompile Include="flashlight\fl\tensor\TensorAdapter.cpp">
      <Filter>Source Files</Filter>
    </ClCompile>
    <ClCompile Include="flashlight\fl\tensor\Shape.cpp">
      <Filter>Source Files</Filter>
    </ClCompile>
    <ClCompile Include="flashlight\fl\tensor\Types.cpp">
      <Filter>Source Files</Filter>
    </ClCompile>
    <ClCompile Include="flashlight\fl\tensor\Index.cpp">
      <Filter>Source Files</Filter>
    </ClCompile>
    <ClCompile Include="flashlight\fl\tensor\DefaultTensorType.cpp">
      <Filter>Source Files</Filter>
    </ClCompile>
    <ClCompile Include="flashlight\fl\tensor\backend\stub\StubBackend.cpp">
      <Filter>Source Files</Filter>
    </ClCompile>
    <ClCompile Include="flashlight\fl\tensor\backend\stub\StubTensor.cpp">
      <Filter>Source Files</Filter>
    </ClCompile>
    <ClCompile Include="flashlight\fl\autograd\tensor\AutogradOps.cpp">
      <Filter>Source Files</Filter>
    </ClCompile>
    <ClCompile Include="flashlight\fl\autograd\Functions.cpp">
      <Filter>Source Files</Filter>
    </ClCompile>
    <ClCompile Include="flashlight\fl\autograd\Utils.cpp">
      <Filter>Source Files</Filter>
    </ClCompile>
    <ClCompile Include="flashlight\fl\autograd\Variable.cpp">
      <Filter>Source Files</Filter>
    </ClCompile>
    <ClCompile Include="flashlight\fl\common\stacktrace\Backward.cpp">
      <Filter>Source Files</Filter>
    </ClCompile>
    <ClCompile Include="flashlight\fl\common\Defines.cpp">
      <Filter>Source Files</Filter>
    </ClCompile>
    <ClCompile Include="flashlight\fl\common\DevicePtr.cpp">
      <Filter>Source Files</Filter>
    </ClCompile>
    <ClCompile Include="flashlight\fl\common\Histogram.cpp">
      <Filter>Source Files</Filter>
    </ClCompile>
    <ClCompile Include="flashlight\fl\common\Logging.cpp">
      <Filter>Source Files</Filter>
    </ClCompile>
    <ClCompile Include="flashlight\fl\common\Timer.cpp">
      <Filter>Source Files</Filter>
    </ClCompile>
    <ClCompile Include="flashlight\fl\common\Utils.cpp">
      <Filter>Source Files</Filter>
    </ClCompile>
    <ClCompile Include="flashlight\fl\contrib\modules\AdaptiveEmbedding.cpp">
      <Filter>Source Files</Filter>
    </ClCompile>
    <ClCompile Include="flashlight\fl\contrib\modules\AsymmetricConv1D.cpp">
      <Filter>Source Files</Filter>
    </ClCompile>
    <ClCompile Include="flashlight\fl\contrib\modules\Conformer.cpp">
      <Filter>Source Files</Filter>
    </ClCompile>
    <ClCompile Include="flashlight\fl\contrib\modules\PositionEmbedding.cpp">
      <Filter>Source Files</Filter>
    </ClCompile>
    <ClCompile Include="flashlight\fl\contrib\modules\RawWavSpecAugment.cpp">
      <Filter>Source Files</Filter>
    </ClCompile>
    <ClCompile Include="flashlight\fl\contrib\modules\Residual.cpp">
      <Filter>Source Files</Filter>
    </ClCompile>
    <ClCompile Include="flashlight\fl\contrib\modules\SinusoidalPositionEmbedding.cpp">
      <Filter>Source Files</Filter>
    </ClCompile>
    <ClCompile Include="flashlight\fl\contrib\modules\SpecAugment.cpp">
      <Filter>Source Files</Filter>
    </ClCompile>
    <ClCompile Include="flashlight\fl\contrib\modules\TDSBlock.cpp">
      <Filter>Source Files</Filter>
    </ClCompile>
    <ClCompile Include="flashlight\fl\contrib\modules\Transformer.cpp">
      <Filter>Source Files</Filter>
    </ClCompile>
    <ClCompile Include="flashlight\fl\tensor\TensorExtension.cpp">
      <Filter>Source Files</Filter>
    </ClCompile>
    <ClCompile Include="..\MLPSample - Copy\flashlight\fl\optim\Optimizers.cpp">
      <Filter>Source Files</Filter>
    </ClCompile>
    <ClCompile Include="flashlight\fl\optim\Optimizers.cpp">
      <Filter>Source Files</Filter>
    </ClCompile>
    <ClCompile Include="flashlight\fl\common\DynamicBenchmark.cpp">
      <Filter>Source Files</Filter>
    </ClCompile>
  </ItemGroup>
  <ItemGroup>
    <ClInclude Include="flashlight\fl\tensor\Init.h">
      <Filter>Header Files</Filter>
    </ClInclude>
    <ClInclude Include="flashlight\fl\dataset\BatchDataset.h">
      <Filter>Header Files</Filter>
    </ClInclude>
    <ClInclude Include="flashlight\fl\dataset\BlobDataset.h">
      <Filter>Header Files</Filter>
    </ClInclude>
    <ClInclude Include="flashlight\fl\dataset\ConcatDataset.h">
      <Filter>Header Files</Filter>
    </ClInclude>
    <ClInclude Include="flashlight\fl\dataset\Dataset.h">
      <Filter>Header Files</Filter>
    </ClInclude>
    <ClInclude Include="flashlight\fl\dataset\DatasetIterator.h">
      <Filter>Header Files</Filter>
    </ClInclude>
    <ClInclude Include="flashlight\fl\dataset\datasets.h">
      <Filter>Header Files</Filter>
    </ClInclude>
    <ClInclude Include="flashlight\fl\dataset\FileBlobDataset.h">
      <Filter>Header Files</Filter>
    </ClInclude>
    <ClInclude Include="flashlight\fl\dataset\MemoryBlobDataset.h">
      <Filter>Header Files</Filter>
    </ClInclude>
    <ClInclude Include="flashlight\fl\dataset\MergeDataset.h">
      <Filter>Header Files</Filter>
    </ClInclude>
    <ClInclude Include="flashlight\fl\dataset\PrefetchDataset.h">
      <Filter>Header Files</Filter>
    </ClInclude>
    <ClInclude Include="flashlight\fl\dataset\ResampleDataset.h">
      <Filter>Header Files</Filter>
    </ClInclude>
    <ClInclude Include="flashlight\fl\dataset\ShuffleDataset.h">
      <Filter>Header Files</Filter>
    </ClInclude>
    <ClInclude Include="flashlight\fl\dataset\SpanDataset.h">
      <Filter>Header Files</Filter>
    </ClInclude>
    <ClInclude Include="flashlight\fl\dataset\TensorDataset.h">
      <Filter>Header Files</Filter>
    </ClInclude>
    <ClInclude Include="flashlight\fl\dataset\TransformDataset.h">
      <Filter>Header Files</Filter>
    </ClInclude>
    <ClInclude Include="flashlight\fl\dataset\Utils.h">
      <Filter>Header Files</Filter>
    </ClInclude>
    <ClInclude Include="flashlight\fl\meter\AverageValueMeter.h">
      <Filter>Header Files</Filter>
    </ClInclude>
    <ClInclude Include="flashlight\fl\meter\CountMeter.h">
      <Filter>Header Files</Filter>
    </ClInclude>
    <ClInclude Include="flashlight\fl\meter\EditDistanceMeter.h">
      <Filter>Header Files</Filter>
    </ClInclude>
    <ClInclude Include="flashlight\fl\meter\FrameErrorMeter.h">
      <Filter>Header Files</Filter>
    </ClInclude>
    <ClInclude Include="flashlight\fl\meter\meters.h">
      <Filter>Header Files</Filter>
    </ClInclude>
    <ClInclude Include="flashlight\fl\meter\MSEMeter.h">
      <Filter>Header Files</Filter>
    </ClInclude>
    <ClInclude Include="flashlight\fl\meter\TimeMeter.h">
      <Filter>Header Files</Filter>
    </ClInclude>
    <ClInclude Include="flashlight\fl\meter\TopKMeter.h">
      <Filter>Header Files</Filter>
    </ClInclude>
    <ClInclude Include="flashlight\fl\nn\modules\Activations.h">
      <Filter>Header Files</Filter>
    </ClInclude>
    <ClInclude Include="flashlight\fl\nn\modules\AdaptiveSoftMax.h">
      <Filter>Header Files</Filter>
    </ClInclude>
    <ClInclude Include="flashlight\fl\nn\modules\BatchNorm.h">
      <Filter>Header Files</Filter>
    </ClInclude>
    <ClInclude Include="flashlight\fl\nn\modules\Container.h">
      <Filter>Header Files</Filter>
    </ClInclude>
    <ClInclude Include="flashlight\fl\nn\modules\Conv2D.h">
      <Filter>Header Files</Filter>
    </ClInclude>
    <ClInclude Include="flashlight\fl\nn\modules\Dropout.h">
      <Filter>Header Files</Filter>
    </ClInclude>
    <ClInclude Include="flashlight\fl\nn\modules\Embedding.h">
      <Filter>Header Files</Filter>
    </ClInclude>
    <ClInclude Include="flashlight\fl\nn\modules\Identity.h">
      <Filter>Header Files</Filter>
    </ClInclude>
    <ClInclude Include="flashlight\fl\nn\modules\LayerNorm.h">
      <Filter>Header Files</Filter>
    </ClInclude>
    <ClInclude Include="flashlight\fl\nn\modules\Linear.h">
      <Filter>Header Files</Filter>
    </ClInclude>
    <ClInclude Include="flashlight\fl\nn\modules\Loss.h">
      <Filter>Header Files</Filter>
    </ClInclude>
    <ClInclude Include="flashlight\fl\nn\modules\Module.h">
      <Filter>Header Files</Filter>
    </ClInclude>
    <ClInclude Include="flashlight\fl\nn\modules\modules.h">
      <Filter>Header Files</Filter>
    </ClInclude>
    <ClInclude Include="flashlight\fl\nn\modules\Normalize.h">
      <Filter>Header Files</Filter>
    </ClInclude>
    <ClInclude Include="flashlight\fl\nn\modules\Padding.h">
      <Filter>Header Files</Filter>
    </ClInclude>
    <ClInclude Include="flashlight\fl\nn\modules\Pool2D.h">
      <Filter>Header Files</Filter>
    </ClInclude>
    <ClInclude Include="flashlight\fl\nn\modules\PrecisionCast.h">
      <Filter>Header Files</Filter>
    </ClInclude>
    <ClInclude Include="flashlight\fl\nn\modules\Reorder.h">
      <Filter>Header Files</Filter>
    </ClInclude>
    <ClInclude Include="flashlight\fl\nn\modules\RNN.h">
      <Filter>Header Files</Filter>
    </ClInclude>
    <ClInclude Include="flashlight\fl\nn\modules\Transform.h">
      <Filter>Header Files</Filter>
    </ClInclude>
    <ClInclude Include="flashlight\fl\nn\modules\View.h">
      <Filter>Header Files</Filter>
    </ClInclude>
    <ClInclude Include="flashlight\fl\nn\modules\WeightNorm.h">
      <Filter>Header Files</Filter>
    </ClInclude>
    <ClInclude Include="flashlight\fl\nn\Init.h">
      <Filter>Header Files</Filter>
    </ClInclude>
    <ClInclude Include="flashlight\fl\nn\nn.h">
      <Filter>Header Files</Filter>
    </ClInclude>
    <ClInclude Include="flashlight\fl\nn\Utils.h">
      <Filter>Header Files</Filter>
    </ClInclude>
    <ClInclude Include="flashlight\fl\optim\SGDOptimizer.h">
      <Filter>Header Files</Filter>
    </ClInclude>
    <ClInclude Include="flashlight\fl\optim\Utils.h">
      <Filter>Header Files</Filter>
    </ClInclude>
    <ClInclude Include="flashlight\fl\tensor\Random.h">
      <Filter>Header Files</Filter>
    </ClInclude>
    <ClInclude Include="flashlight\fl\tensor\TensorBase.h">
      <Filter>Header Files</Filter>
    </ClInclude>
    <ClInclude Include="flashlight\fl\tensor\TensorBackend.h">
      <Filter>Header Files</Filter>
    </ClInclude>
    <ClInclude Include="flashlight\fl\tensor\TensorAdapter.h">
      <Filter>Header Files</Filter>
    </ClInclude>
    <ClInclude Include="flashlight\fl\tensor\tensor.h">
      <Filter>Header Files</Filter>
    </ClInclude>
    <ClInclude Include="flashlight\fl\tensor\Shape.h">
      <Filter>Header Files</Filter>
    </ClInclude>
    <ClInclude Include="flashlight\fl\tensor\Types.h">
      <Filter>Header Files</Filter>
    </ClInclude>
    <ClInclude Include="flashlight\fl\tensor\Index.h">
      <Filter>Header Files</Filter>
    </ClInclude>
    <ClInclude Include="flashlight\fl\tensor\DefaultTensorType.h">
      <Filter>Header Files</Filter>
    </ClInclude>
    <ClInclude Include="cereal\archives\adapters.hpp">
      <Filter>Header Files</Filter>
    </ClInclude>
    <ClInclude Include="cereal\archives\binary.hpp">
      <Filter>Header Files</Filter>
    </ClInclude>
    <ClInclude Include="cereal\archives\json.hpp">
      <Filter>Header Files</Filter>
    </ClInclude>
    <ClInclude Include="cereal\archives\portable_binary.hpp">
      <Filter>Header Files</Filter>
    </ClInclude>
    <ClInclude Include="cereal\archives\xml.hpp">
      <Filter>Header Files</Filter>
    </ClInclude>
    <ClInclude Include="cereal\details\helpers.hpp">
      <Filter>Header Files</Filter>
    </ClInclude>
    <ClInclude Include="cereal\details\polymorphic_impl.hpp">
      <Filter>Header Files</Filter>
    </ClInclude>
    <ClInclude Include="cereal\details\polymorphic_impl_fwd.hpp">
      <Filter>Header Files</Filter>
    </ClInclude>
    <ClInclude Include="cereal\details\static_object.hpp">
      <Filter>Header Files</Filter>
    </ClInclude>
    <ClInclude Include="cereal\details\traits.hpp">
      <Filter>Header Files</Filter>
    </ClInclude>
    <ClInclude Include="cereal\details\util.hpp">
      <Filter>Header Files</Filter>
    </ClInclude>
    <ClInclude Include="cereal\external\rapidjson\error\en.h">
      <Filter>Header Files</Filter>
    </ClInclude>
    <ClInclude Include="cereal\external\rapidjson\error\error.h">
      <Filter>Header Files</Filter>
    </ClInclude>
    <ClInclude Include="cereal\external\rapidjson\internal\biginteger.h">
      <Filter>Header Files</Filter>
    </ClInclude>
    <ClInclude Include="cereal\external\rapidjson\internal\diyfp.h">
      <Filter>Header Files</Filter>
    </ClInclude>
    <ClInclude Include="cereal\external\rapidjson\internal\dtoa.h">
      <Filter>Header Files</Filter>
    </ClInclude>
    <ClInclude Include="cereal\external\rapidjson\internal\ieee754.h">
      <Filter>Header Files</Filter>
    </ClInclude>
    <ClInclude Include="cereal\external\rapidjson\internal\itoa.h">
      <Filter>Header Files</Filter>
    </ClInclude>
    <ClInclude Include="cereal\external\rapidjson\internal\meta.h">
      <Filter>Header Files</Filter>
    </ClInclude>
    <ClInclude Include="cereal\external\rapidjson\internal\pow10.h">
      <Filter>Header Files</Filter>
    </ClInclude>
    <ClInclude Include="cereal\external\rapidjson\internal\regex.h">
      <Filter>Header Files</Filter>
    </ClInclude>
    <ClInclude Include="cereal\external\rapidjson\internal\stack.h">
      <Filter>Header Files</Filter>
    </ClInclude>
    <ClInclude Include="cereal\external\rapidjson\internal\strfunc.h">
      <Filter>Header Files</Filter>
    </ClInclude>
    <ClInclude Include="cereal\external\rapidjson\internal\strtod.h">
      <Filter>Header Files</Filter>
    </ClInclude>
    <ClInclude Include="cereal\external\rapidjson\internal\swap.h">
      <Filter>Header Files</Filter>
    </ClInclude>
    <ClInclude Include="cereal\external\rapidjson\msinttypes\inttypes.h">
      <Filter>Header Files</Filter>
    </ClInclude>
    <ClInclude Include="cereal\external\rapidjson\msinttypes\stdint.h">
      <Filter>Header Files</Filter>
    </ClInclude>
    <ClInclude Include="cereal\external\rapidjson\allocators.h">
      <Filter>Header Files</Filter>
    </ClInclude>
    <ClInclude Include="cereal\external\rapidjson\cursorstreamwrapper.h">
      <Filter>Header Files</Filter>
    </ClInclude>
    <ClInclude Include="cereal\external\rapidjson\document.h">
      <Filter>Header Files</Filter>
    </ClInclude>
    <ClInclude Include="cereal\external\rapidjson\encodedstream.h">
      <Filter>Header Files</Filter>
    </ClInclude>
    <ClInclude Include="cereal\external\rapidjson\encodings.h">
      <Filter>Header Files</Filter>
    </ClInclude>
    <ClInclude Include="cereal\external\rapidjson\filereadstream.h">
      <Filter>Header Files</Filter>
    </ClInclude>
    <ClInclude Include="cereal\external\rapidjson\filewritestream.h">
      <Filter>Header Files</Filter>
    </ClInclude>
    <ClInclude Include="cereal\external\rapidjson\fwd.h">
      <Filter>Header Files</Filter>
    </ClInclude>
    <ClInclude Include="cereal\external\rapidjson\istreamwrapper.h">
      <Filter>Header Files</Filter>
    </ClInclude>
    <ClInclude Include="cereal\external\rapidjson\memorybuffer.h">
      <Filter>Header Files</Filter>
    </ClInclude>
    <ClInclude Include="cereal\external\rapidjson\memorystream.h">
      <Filter>Header Files</Filter>
    </ClInclude>
    <ClInclude Include="cereal\external\rapidjson\ostreamwrapper.h">
      <Filter>Header Files</Filter>
    </ClInclude>
    <ClInclude Include="cereal\external\rapidjson\pointer.h">
      <Filter>Header Files</Filter>
    </ClInclude>
    <ClInclude Include="cereal\external\rapidjson\prettywriter.h">
      <Filter>Header Files</Filter>
    </ClInclude>
    <ClInclude Include="cereal\external\rapidjson\rapidjson.h">
      <Filter>Header Files</Filter>
    </ClInclude>
    <ClInclude Include="cereal\external\rapidjson\reader.h">
      <Filter>Header Files</Filter>
    </ClInclude>
    <ClInclude Include="cereal\external\rapidjson\schema.h">
      <Filter>Header Files</Filter>
    </ClInclude>
    <ClInclude Include="cereal\external\rapidjson\stream.h">
      <Filter>Header Files</Filter>
    </ClInclude>
    <ClInclude Include="cereal\external\rapidjson\stringbuffer.h">
      <Filter>Header Files</Filter>
    </ClInclude>
    <ClInclude Include="cereal\external\rapidjson\writer.h">
      <Filter>Header Files</Filter>
    </ClInclude>
    <ClInclude Include="cereal\external\rapidxml\rapidxml.hpp">
      <Filter>Header Files</Filter>
    </ClInclude>
    <ClInclude Include="cereal\external\rapidxml\rapidxml_iterators.hpp">
      <Filter>Header Files</Filter>
    </ClInclude>
    <ClInclude Include="cereal\external\rapidxml\rapidxml_print.hpp">
      <Filter>Header Files</Filter>
    </ClInclude>
    <ClInclude Include="cereal\external\rapidxml\rapidxml_utils.hpp">
      <Filter>Header Files</Filter>
    </ClInclude>
    <ClInclude Include="cereal\external\base64.hpp">
      <Filter>Header Files</Filter>
    </ClInclude>
    <ClInclude Include="cereal\types\concepts\pair_associative_container.hpp">
      <Filter>Header Files</Filter>
    </ClInclude>
    <ClInclude Include="cereal\types\array.hpp">
      <Filter>Header Files</Filter>
    </ClInclude>
    <ClInclude Include="cereal\types\atomic.hpp">
      <Filter>Header Files</Filter>
    </ClInclude>
    <ClInclude Include="cereal\types\base_class.hpp">
      <Filter>Header Files</Filter>
    </ClInclude>
    <ClInclude Include="cereal\types\bitset.hpp">
      <Filter>Header Files</Filter>
    </ClInclude>
    <ClInclude Include="cereal\types\boost_variant.hpp">
      <Filter>Header Files</Filter>
    </ClInclude>
    <ClInclude Include="cereal\types\chrono.hpp">
      <Filter>Header Files</Filter>
    </ClInclude>
    <ClInclude Include="cereal\types\common.hpp">
      <Filter>Header Files</Filter>
    </ClInclude>
    <ClInclude Include="cereal\types\complex.hpp">
      <Filter>Header Files</Filter>
    </ClInclude>
    <ClInclude Include="cereal\types\deque.hpp">
      <Filter>Header Files</Filter>
    </ClInclude>
    <ClInclude Include="cereal\types\forward_list.hpp">
      <Filter>Header Files</Filter>
    </ClInclude>
    <ClInclude Include="cereal\types\functional.hpp">
      <Filter>Header Files</Filter>
    </ClInclude>
    <ClInclude Include="cereal\types\list.hpp">
      <Filter>Header Files</Filter>
    </ClInclude>
    <ClInclude Include="cereal\types\map.hpp">
      <Filter>Header Files</Filter>
    </ClInclude>
    <ClInclude Include="cereal\types\memory.hpp">
      <Filter>Header Files</Filter>
    </ClInclude>
    <ClInclude Include="cereal\types\optional.hpp">
      <Filter>Header Files</Filter>
    </ClInclude>
    <ClInclude Include="cereal\types\polymorphic.hpp">
      <Filter>Header Files</Filter>
    </ClInclude>
    <ClInclude Include="cereal\types\queue.hpp">
      <Filter>Header Files</Filter>
    </ClInclude>
    <ClInclude Include="cereal\types\set.hpp">
      <Filter>Header Files</Filter>
    </ClInclude>
    <ClInclude Include="cereal\types\stack.hpp">
      <Filter>Header Files</Filter>
    </ClInclude>
    <ClInclude Include="cereal\types\string.hpp">
      <Filter>Header Files</Filter>
    </ClInclude>
    <ClInclude Include="cereal\types\tuple.hpp">
      <Filter>Header Files</Filter>
    </ClInclude>
    <ClInclude Include="cereal\types\unordered_map.hpp">
      <Filter>Header Files</Filter>
    </ClInclude>
    <ClInclude Include="cereal\types\unordered_set.hpp">
      <Filter>Header Files</Filter>
    </ClInclude>
    <ClInclude Include="cereal\types\utility.hpp">
      <Filter>Header Files</Filter>
    </ClInclude>
    <ClInclude Include="cereal\types\valarray.hpp">
      <Filter>Header Files</Filter>
    </ClInclude>
    <ClInclude Include="cereal\types\variant.hpp">
      <Filter>Header Files</Filter>
    </ClInclude>
    <ClInclude Include="cereal\types\vector.hpp">
      <Filter>Header Files</Filter>
    </ClInclude>
    <ClInclude Include="cereal\access.hpp">
      <Filter>Header Files</Filter>
    </ClInclude>
    <ClInclude Include="cereal\cereal.hpp">
      <Filter>Header Files</Filter>
    </ClInclude>
    <ClInclude Include="cereal\macros.hpp">
      <Filter>Header Files</Filter>
    </ClInclude>
    <ClInclude Include="cereal\specialize.hpp">
      <Filter>Header Files</Filter>
    </ClInclude>
    <ClInclude Include="cereal\version.hpp">
      <Filter>Header Files</Filter>
    </ClInclude>
    <ClInclude Include="flashlight\fl\tensor\backend\stub\StubTensor.h">
      <Filter>Header Files</Filter>
    </ClInclude>
    <ClInclude Include="flashlight\fl\tensor\backend\stub\StubBackend.h">
      <Filter>Header Files</Filter>
    </ClInclude>
    <ClInclude Include="flashlight\fl\autograd\tensor\AutogradExtension.h">
      <Filter>Header Files</Filter>
    </ClInclude>
    <ClInclude Include="flashlight\fl\autograd\tensor\AutogradExtensionBackends.h">
      <Filter>Header Files</Filter>
    </ClInclude>
    <ClInclude Include="flashlight\fl\autograd\tensor\AutogradOps.h">
      <Filter>Header Files</Filter>
    </ClInclude>
    <ClInclude Include="flashlight\fl\autograd\autograd.h">
      <Filter>Header Files</Filter>
    </ClInclude>
    <ClInclude Include="flashlight\fl\autograd\Functions.h">
      <Filter>Header Files</Filter>
    </ClInclude>
    <ClInclude Include="flashlight\fl\autograd\Utils.h">
      <Filter>Header Files</Filter>
    </ClInclude>
    <ClInclude Include="flashlight\fl\autograd\Variable.h">
      <Filter>Header Files</Filter>
    </ClInclude>
    <ClInclude Include="flashlight\fl\common\stacktrace\Backward.h">
      <Filter>Header Files</Filter>
    </ClInclude>
    <ClInclude Include="flashlight\fl\common\threadpool\ThreadPool.h">
      <Filter>Header Files</Filter>
    </ClInclude>
    <ClInclude Include="flashlight\fl\common\common.h">
      <Filter>Header Files</Filter>
    </ClInclude>
    <ClInclude Include="flashlight\fl\common\Defines.h">
      <Filter>Header Files</Filter>
    </ClInclude>
    <ClInclude Include="flashlight\fl\common\DevicePtr.h">
      <Filter>Header Files</Filter>
    </ClInclude>
    <ClInclude Include="flashlight\fl\common\Filesystem.h">
      <Filter>Header Files</Filter>
    </ClInclude>
    <ClInclude Include="flashlight\fl\common\Histogram.h">
      <Filter>Header Files</Filter>
    </ClInclude>
    <ClInclude Include="flashlight\fl\common\Logging.h">
      <Filter>Header Files</Filter>
    </ClInclude>
    <ClInclude Include="flashlight\fl\common\Serialization.h">
      <Filter>Header Files</Filter>
    </ClInclude>
    <ClInclude Include="flashlight\fl\common\Serialization-inl.h">
      <Filter>Header Files</Filter>
    </ClInclude>
    <ClInclude Include="flashlight\fl\common\Timer.h">
      <Filter>Header Files</Filter>
    </ClInclude>
    <ClInclude Include="flashlight\fl\common\Types.h">
      <Filter>Header Files</Filter>
    </ClInclude>
    <ClInclude Include="flashlight\fl\common\Utils.h">
      <Filter>Header Files</Filter>
    </ClInclude>
    <ClInclude Include="flashlight\fl\contrib\modules\AdaptiveEmbedding.h">
      <Filter>Header Files</Filter>
    </ClInclude>
    <ClInclude Include="flashlight\fl\contrib\modules\AsymmetricConv1D.h">
      <Filter>Header Files</Filter>
    </ClInclude>
    <ClInclude Include="flashlight\fl\contrib\modules\Conformer.h">
      <Filter>Header Files</Filter>
    </ClInclude>
    <ClInclude Include="flashlight\fl\contrib\modules\modules.h">
      <Filter>Header Files</Filter>
    </ClInclude>
    <ClInclude Include="flashlight\fl\contrib\modules\PositionEmbedding.h">
      <Filter>Header Files</Filter>
    </ClInclude>
    <ClInclude Include="flashlight\fl\contrib\modules\RawWavSpecAugment.h">
      <Filter>Header Files</Filter>
    </ClInclude>
    <ClInclude Include="flashlight\fl\contrib\modules\Residual.h">
      <Filter>Header Files</Filter>
    </ClInclude>
    <ClInclude Include="flashlight\fl\contrib\modules\SinusoidalPositionEmbedding.h">
      <Filter>Header Files</Filter>
    </ClInclude>
    <ClInclude Include="flashlight\fl\contrib\modules\SpecAugment.h">
      <Filter>Header Files</Filter>
    </ClInclude>
    <ClInclude Include="flashlight\fl\contrib\modules\TDSBlock.h">
      <Filter>Header Files</Filter>
    </ClInclude>
    <ClInclude Include="flashlight\fl\contrib\modules\Transformer.h">
      <Filter>Header Files</Filter>
    </ClInclude>
    <ClInclude Include="flashlight\fl\contrib\contrib.h">
      <Filter>Header Files</Filter>
    </ClInclude>
    <ClInclude Include="flashlight\fl\tensor\TensorExtension.h">
      <Filter>Header Files</Filter>
    </ClInclude>
    <ClInclude Include="flashlight\fl\flashlight.h">
      <Filter>Header Files</Filter>
    </ClInclude>
    <ClInclude Include="flashlight\fl\tensor\Profile.h">
      <Filter>Header Files</Filter>
    </ClInclude>
    <ClInclude Include="..\MLPSample - Copy\flashlight\fl\optim\Optimizers.h">
      <Filter>Header Files</Filter>
    </ClInclude>
    <ClInclude Include="..\MLPSample - Copy\flashlight\fl\optim\optim.h">
      <Filter>Header Files</Filter>
    </ClInclude>
    <ClInclude Include="flashlight\fl\optim\Optimizers.h">
      <Filter>Header Files</Filter>
    </ClInclude>
    <ClInclude Include="flashlight\fl\common\DynamicBenchmark.h">
      <Filter>Header Files</Filter>
    </ClInclude>
  </ItemGroup>
  <ItemGroup>
    <None Include="cereal\external\rapidxml\manual.html" />
  </ItemGroup>
</Project>