
Microsoft Visual Studio Solution File, Format Version 12.00
# Visual Studio Version 17
VisualStudioVersion = 17.4.33205.214
MinimumVisualStudioVersion = 10.0.40219.1
Project("{8BC9CEB8-8B4A-11D0-8D11-00A0C91BC942}") = "SimpleSoccer", "SimpleSoccer.vcxproj", "{85F3C67A-DF19-486D-9814-9E09E93BCA74}"
	ProjectSection(ProjectDependencies) = postProject
		{DAD3E1AB-B01B-49C4-B4AB-7FCBDBB14F9D} = {DAD3E1AB-B01B-49C4-B4AB-7FCBDBB14F9D}
	EndProjectSection
EndProject
Project("{8BC9CEB8-8B4A-11D0-8D11-00A0C91BC942}") = "ICMLPSample", "ML\MLPSample.vcxproj", "{DAD3E1AB-B01B-49C4-B4AB-7FCBDBB14F9D}"
EndProject
Global
	GlobalSection(SolutionConfigurationPlatforms) = preSolution
		Debug|x64 = Debug|x64
		Debug|x86 = Debug|x86
		Debug2D|x64 = Debug2D|x64
		Debug2D|x86 = Debug2D|x86
		Debug3D|x64 = Debug3D|x64
		Debug3D|x86 = Debug3D|x86
		Release|x64 = Release|x64
		Release|x86 = Release|x86
		Release2D|x64 = Release2D|x64
		Release2D|x86 = Release2D|x86
		ReleaseAcl|x64 = ReleaseAcl|x64
		ReleaseAcl|x86 = ReleaseAcl|x86
	EndGlobalSection
	GlobalSection(ProjectConfigurationPlatforms) = postSolution
		{85F3C67A-DF19-486D-9814-9E09E93BCA74}.Debug|x64.ActiveCfg = Debug3D|x64
		{85F3C67A-DF19-486D-9814-9E09E93BCA74}.Debug|x86.ActiveCfg = Debug3D|Win32
		{85F3C67A-DF19-486D-9814-9E09E93BCA74}.Debug|x86.Build.0 = Debug3D|Win32
		{85F3C67A-DF19-486D-9814-9E09E93BCA74}.Debug2D|x64.ActiveCfg = Debug2D|x64
		{85F3C67A-DF19-486D-9814-9E09E93BCA74}.Debug2D|x64.Build.0 = Debug2D|x64
		{85F3C67A-DF19-486D-9814-9E09E93BCA74}.Debug2D|x86.ActiveCfg = Debug2D|Win32
		{85F3C67A-DF19-486D-9814-9E09E93BCA74}.Debug2D|x86.Build.0 = Debug2D|Win32
		{85F3C67A-DF19-486D-9814-9E09E93BCA74}.Debug3D|x64.ActiveCfg = Debug3D|x64
		{85F3C67A-DF19-486D-9814-9E09E93BCA74}.Debug3D|x64.Build.0 = Debug3D|x64
		{85F3C67A-DF19-486D-9814-9E09E93BCA74}.Debug3D|x86.ActiveCfg = Debug3D|Win32
		{85F3C67A-DF19-486D-9814-9E09E93BCA74}.Debug3D|x86.Build.0 = Debug3D|Win32
		{85F3C67A-DF19-486D-9814-9E09E93BCA74}.Release|x64.ActiveCfg = Release|x64
		{85F3C67A-DF19-486D-9814-9E09E93BCA74}.Release|x64.Build.0 = Release|x64
		{85F3C67A-DF19-486D-9814-9E09E93BCA74}.Release|x86.ActiveCfg = Release|Win32
		{85F3C67A-DF19-486D-9814-9E09E93BCA74}.Release|x86.Build.0 = Release|Win32
		{85F3C67A-DF19-486D-9814-9E09E93BCA74}.Release2D|x64.ActiveCfg = Release2D|x64
		{85F3C67A-DF19-486D-9814-9E09E93BCA74}.Release2D|x64.Build.0 = Release2D|x64
		{85F3C67A-DF19-486D-9814-9E09E93BCA74}.Release2D|x86.ActiveCfg = Release2D|Win32
		{85F3C67A-DF19-486D-9814-9E09E93BCA74}.Release2D|x86.Build.0 = Release2D|Win32
		{85F3C67A-DF19-486D-9814-9E09E93BCA74}.ReleaseAcl|x64.ActiveCfg = ReleaseAcl|x64
		{85F3C67A-DF19-486D-9814-9E09E93BCA74}.ReleaseAcl|x64.Build.0 = ReleaseAcl|x64
		{85F3C67A-DF19-486D-9814-9E09E93BCA74}.ReleaseAcl|x86.ActiveCfg = ReleaseAcl|Win32
		{85F3C67A-DF19-486D-9814-9E09E93BCA74}.ReleaseAcl|x86.Build.0 = ReleaseAcl|Win32
		{DAD3E1AB-B01B-49C4-B4AB-7FCBDBB14F9D}.Debug|x64.ActiveCfg = Debug|x64
		{DAD3E1AB-B01B-49C4-B4AB-7FCBDBB14F9D}.Debug|x64.Build.0 = Debug|x64
		{DAD3E1AB-B01B-49C4-B4AB-7FCBDBB14F9D}.Debug|x86.ActiveCfg = Debug|Win32
		{DAD3E1AB-B01B-49C4-B4AB-7FCBDBB14F9D}.Debug|x86.Build.0 = Debug|Win32
		{DAD3E1AB-B01B-49C4-B4AB-7FCBDBB14F9D}.Debug2D|x64.ActiveCfg = DebugDll|x64
		{DAD3E1AB-B01B-49C4-B4AB-7FCBDBB14F9D}.Debug2D|x64.Build.0 = DebugDll|x64
		{DAD3E1AB-B01B-49C4-B4AB-7FCBDBB14F9D}.Debug2D|x86.ActiveCfg = Debug|Win32
		{DAD3E1AB-B01B-49C4-B4AB-7FCBDBB14F9D}.Debug2D|x86.Build.0 = Debug|Win32
		{DAD3E1AB-B01B-49C4-B4AB-7FCBDBB14F9D}.Debug3D|x64.ActiveCfg = Debug|x64
		{DAD3E1AB-B01B-49C4-B4AB-7FCBDBB14F9D}.Debug3D|x64.Build.0 = Debug|x64
		{DAD3E1AB-B01B-49C4-B4AB-7FCBDBB14F9D}.Debug3D|x86.ActiveCfg = Debug|Win32
		{DAD3E1AB-B01B-49C4-B4AB-7FCBDBB14F9D}.Debug3D|x86.Build.0 = Debug|Win32
		{DAD3E1AB-B01B-49C4-B4AB-7FCBDBB14F9D}.Release|x64.ActiveCfg = Release|x64
		{DAD3E1AB-B01B-49C4-B4AB-7FCBDBB14F9D}.Release|x64.Build.0 = Release|x64
		{DAD3E1AB-B01B-49C4-B4AB-7FCBDBB14F9D}.Release|x86.ActiveCfg = Release|Win32
		{DAD3E1AB-B01B-49C4-B4AB-7FCBDBB14F9D}.Release|x86.Build.0 = Release|Win32
		{DAD3E1AB-B01B-49C4-B4AB-7FCBDBB14F9D}.Release2D|x64.ActiveCfg = ReleaseDll|x64
		{DAD3E1AB-B01B-49C4-B4AB-7FCBDBB14F9D}.Release2D|x64.Build.0 = ReleaseDll|x64
		{DAD3E1AB-B01B-49C4-B4AB-7FCBDBB14F9D}.Release2D|x86.ActiveCfg = Release|Win32
		{DAD3E1AB-B01B-49C4-B4AB-7FCBDBB14F9D}.Release2D|x86.Build.0 = Release|Win32
		{DAD3E1AB-B01B-49C4-B4AB-7FCBDBB14F9D}.ReleaseAcl|x64.ActiveCfg = ReleaseAcl|x64
		{DAD3E1AB-B01B-49C4-B4AB-7FCBDBB14F9D}.ReleaseAcl|x86.ActiveCfg = ReleaseAcl|Win32
		{DAD3E1AB-B01B-49C4-B4AB-7FCBDBB14F9D}.ReleaseAcl|x86.Build.0 = ReleaseAcl|Win32
	EndGlobalSection
	GlobalSection(SolutionProperties) = preSolution
		HideSolutionNode = FALSE
	EndGlobalSection
	GlobalSection(ExtensibilityGlobals) = postSolution
		SolutionGuid = {029637E3-6634-443D-A7EB-14BA184083EB}
	EndGlobalSection
EndGlobal
